
Microsoft Visual Studio Solution File, Format Version 12.00
Project("{FAE04EC0-301F-11D3-BF4B-00C04F79EFBC}") = "Shooter", "Shooter.csproj", "{c48701a9-6394-4343-bb3c-25fd2e6453c6}"
EndProject
Global
	GlobalSection(SolutionConfigurationPlatforms) = preSolution
		Debug|x64 = Debug|x64
	EndGlobalSection
	GlobalSection(ProjectConfigurationPlatforms) = postSolution
		{c48701a9-6394-4343-bb3c-25fd2e6453c6}.Debug|x64.ActiveCfg = Debug|x64
		{c48701a9-6394-4343-bb3c-25fd2e6453c6}.Debug|x64.Build.0 = Debug|x64
	EndGlobalSection
	GlobalSection(SolutionProperties) = preSolution
    	HideSolutionNode = FALSE
    EndGlobalSection
EndGlobal
